{
  "name": "istsos-web-api",
  "version": "1.0.0",
  "lockfileVersion": 1,
  "requires": true,
  "dependencies": {
    "istsos-javascript-core": {
      "version": "1.0.3",
      "resolved": "https://registry.npmjs.org/istsos-javascript-core/-/istsos-javascript-core-1.0.3.tgz",
      "integrity": "sha512-BZ48iOK04UikNuo7ExHxjBYkgHbTZisSQnq/wEmt8zvNWUZ7R3HFDnWyYT5Ms1rOdN1RrqxzUH5ipgd0juTOYg=="
    }
  }
}
